
Microsoft Visual Studio Solution File, Format Version 12.00
# Visual Studio Version 17
VisualStudioVersion = 17.8.34309.116
MinimumVisualStudioVersion = 10.0.40219.1
Project("{9A19103F-16F7-4668-BE54-9A1E7A4F7556}") = "Maui.CommandPattern.BlazorHybrid", "Maui.CommandPattern.BlazorHybrid\Maui.CommandPattern.BlazorHybrid.csproj", "{C75FAAAD-B379-4919-B582-3747EA82AA00}"
EndProject
Project("{9A19103F-16F7-4668-BE54-9A1E7A4F7556}") = "Maui.CommandPattern.EntityLibrary", "Maui.CommandPattern.EntityLibrary\Maui.CommandPattern.EntityLibrary.csproj", "{84D57AAE-E221-4C96-B981-B0740FB4D2AE}"
EndProject
Global
	GlobalSection(SolutionConfigurationPlatforms) = preSolution
		Debug|Any CPU = Debug|Any CPU
		Release|Any CPU = Release|Any CPU
	EndGlobalSection
	GlobalSection(ProjectConfigurationPlatforms) = postSolution
		{C75FAAAD-B379-4919-B582-3747EA82AA00}.Debug|Any CPU.ActiveCfg = Debug|Any CPU
		{C75FAAAD-B379-4919-B582-3747EA82AA00}.Debug|Any CPU.Build.0 = Debug|Any CPU
		{C75FAAAD-B379-4919-B582-3747EA82AA00}.Debug|Any CPU.Deploy.0 = Debug|Any CPU
		{C75FAAAD-B379-4919-B582-3747EA82AA00}.Release|Any CPU.ActiveCfg = Release|Any CPU
		{C75FAAAD-B379-4919-B582-3747EA82AA00}.Release|Any CPU.Build.0 = Release|Any CPU
		{C75FAAAD-B379-4919-B582-3747EA82AA00}.Release|Any CPU.Deploy.0 = Release|Any CPU
		{84D57AAE-E221-4C96-B981-B0740FB4D2AE}.Debug|Any CPU.ActiveCfg = Debug|Any CPU
		{84D57AAE-E221-4C96-B981-B0740FB4D2AE}.Debug|Any CPU.Build.0 = Debug|Any CPU
		{84D57AAE-E221-4C96-B981-B0740FB4D2AE}.Release|Any CPU.ActiveCfg = Release|Any CPU
		{84D57AAE-E221-4C96-B981-B0740FB4D2AE}.Release|Any CPU.Build.0 = Release|Any CPU
	EndGlobalSection
	GlobalSection(SolutionProperties) = preSolution
		HideSolutionNode = FALSE
	EndGlobalSection
	GlobalSection(ExtensibilityGlobals) = postSolution
		SolutionGuid = {B3D2F455-3731-426F-A56E-012FA7FB498B}
	EndGlobalSection
EndGlobal
